// !$*UTF8*$!
{
	archiveVersion = 1;
	classes = {
	};
	objectVersion = 46;
	objects = {

/* Begin PBXBuildFile section */
		09FC95D420B7260A006851F9 /* AppDelegate.swift in Sources */ = {isa = PBXBuildFile; fileRef = 09FC95D320B7260A006851F9 /* AppDelegate.swift */; };
		09FC95D620B7260B006851F9 /* ViewController.swift in Sources */ = {isa = PBXBuildFile; fileRef = 09FC95D520B7260B006851F9 /* ViewController.swift */; };
		09FC95D920B7260B006851F9 /* Main.storyboard in Resources */ = {isa = PBXBuildFile; fileRef = 09FC95D720B7260B006851F9 /* Main.storyboard */; };
		09FC95DB20B72613006851F9 /* Assets.xcassets in Resources */ = {isa = PBXBuildFile; fileRef = 09FC95DA20B72612006851F9 /* Assets.xcassets */; };
		09FC95DE20B72617006851F9 /* LaunchScreen.storyboard in Resources */ = {isa = PBXBuildFile; fileRef = 09FC95DC20B72617006851F9 /* LaunchScreen.storyboard */; };
		09FC95E620B7294D006851F9 /* PlacesViewController.swift in Sources */ = {isa = PBXBuildFile; fileRef = 09FC95E520B7294D006851F9 /* PlacesViewController.swift */; };
		09FC95E920B742F1006851F9 /* CoreLocation.framework in Frameworks */ = {isa = PBXBuildFile; fileRef = 09FC95E820B742F1006851F9 /* CoreLocation.framework */; };
/* End PBXBuildFile section */

/* Begin PBXFileReference section */
		09FC95D020B7260A006851F9 /* Memorable Places.app */ = {isa = PBXFileReference; explicitFileType = wrapper.application; includeInIndex = 0; path = "Memorable Places.app"; sourceTree = BUILT_PRODUCTS_DIR; };
		09FC95D320B7260A006851F9 /* AppDelegate.swift */ = {isa = PBXFileReference; lastKnownFileType = sourcecode.swift; path = AppDelegate.swift; sourceTree = "<group>"; };
		09FC95D520B7260B006851F9 /* ViewController.swift */ = {isa = PBXFileReference; lastKnownFileType = sourcecode.swift; path = ViewController.swift; sourceTree = "<group>"; };
		09FC95D820B7260B006851F9 /* Base */ = {isa = PBXFileReference; lastKnownFileType = file.storyboard; name = Base; path = Base.lproj/Main.storyboard; sourceTree = "<group>"; };
		09FC95DA20B72612006851F9 /* Assets.xcassets */ = {isa = PBXFileReference; lastKnownFileType = folder.assetcatalog; path = Assets.xcassets; sourceTree = "<group>"; };
		09FC95DD20B72617006851F9 /* Base */ = {isa = PBXFileReference; lastKnownFileType = file.storyboard; name = Base; path = Base.lproj/LaunchScreen.storyboard; sourceTree = "<group>"; };
		09FC95DF20B7261A006851F9 /* Info.plist */ = {isa = PBXFileReference; lastKnownFileType = text.plist.xml; path = Info.plist; sourceTree = "<group>"; };
		09FC95E520B7294D006851F9 /* PlacesViewController.swift */ = {isa = PBXFileReference; fileEncoding = 4; lastKnownFileType = sourcecode.swift; path = PlacesViewController.swift; sourceTree = "<group>"; };
		09FC95E820B742F1006851F9 /* CoreLocation.framework */ = {isa = PBXFileReference; lastKnownFileType = wrapper.framework; name = CoreLocation.framework; path = System/Library/Frameworks/CoreLocation.framework; sourceTree = SDKROOT; };
/* End PBXFileReference section */

/* Begin PBXFrameworksBuildPhase section */
		09FC95CD20B7260A006851F9 /* Frameworks */ = {
			isa = PBXFrameworksBuildPhase;
			buildActionMask = 2147483647;
			files = (
				09FC95E920B742F1006851F9 /* CoreLocation.framework in Frameworks */,
			);
			runOnlyForDeploymentPostprocessing = 0;
		};
/* End PBXFrameworksBuildPhase section */

/* Begin PBXGroup section */
		09FC95C720B72609006851F9 = {
			isa = PBXGroup;
			children = (
				09FC95D220B7260A006851F9 /* Memorable Places */,
				09FC95D120B7260A006851F9 /* Products */,
				09FC95E720B742F1006851F9 /* Frameworks */,
			);
			sourceTree = "<group>";
		};
		09FC95D120B7260A006851F9 /* Products */ = {
			isa = PBXGroup;
			children = (
				09FC95D020B7260A006851F9 /* Memorable Places.app */,
			);
			name = Products;
			sourceTree = "<group>";
		};
		09FC95D220B7260A006851F9 /* Memorable Places */ = {
			isa = PBXGroup;
			children = (
				09FC95D320B7260A006851F9 /* AppDelegate.swift */,
				09FC95D520B7260B006851F9 /* ViewController.swift */,
				09FC95E520B7294D006851F9 /* PlacesViewController.swift */,
				09FC95D720B7260B006851F9 /* Main.storyboard */,
				09FC95DA20B72612006851F9 /* Assets.xcassets */,
				09FC95DC20B72617006851F9 /* LaunchScreen.storyboard */,
				09FC95DF20B7261A006851F9 /* Info.plist */,
			);
			path = "Memorable Places";
			sourceTree = "<group>";
		};
		09FC95E720B742F1006851F9 /* Frameworks */ = {
			isa = PBXGroup;
			children = (
				09FC95E820B742F1006851F9 /* CoreLocation.framework */,
			);
			name = Frameworks;
			sourceTree = "<group>";
		};
/* End PBXGroup section */

/* Begin PBXNativeTarget section */
		09FC95CF20B7260A006851F9 /* Memorable Places */ = {
			isa = PBXNativeTarget;
			buildConfigurationList = 09FC95E220B7261B006851F9 /* Build configuration list for PBXNativeTarget "Memorable Places" */;
			buildPhases = (
				09FC95CC20B7260A006851F9 /* Sources */,
				09FC95CD20B7260A006851F9 /* Frameworks */,
				09FC95CE20B7260A006851F9 /* Resources */,
			);
			buildRules = (
			);
			dependencies = (
			);
			name = "Memorable Places";
			productName = "Memorable Places";
			productReference = 09FC95D020B7260A006851F9 /* Memorable Places.app */;
			productType = "com.apple.product-type.application";
		};
/* End PBXNativeTarget section */

/* Begin PBXProject section */
		09FC95C820B7260A006851F9 /* Project object */ = {
			isa = PBXProject;
			attributes = {
				LastSwiftUpdateCheck = 0820;
				LastUpgradeCheck = 0820;
				ORGANIZATIONNAME = Saurabh;
				TargetAttributes = {
					09FC95CF20B7260A006851F9 = {
						CreatedOnToolsVersion = 8.2.1;
						DevelopmentTeam = VB2XGJYLDZ;
						ProvisioningStyle = Automatic;
					};
				};
			};
			buildConfigurationList = 09FC95CB20B7260A006851F9 /* Build configuration list for PBXProject "Memorable Places" */;
			compatibilityVersion = "Xcode 3.2";
			developmentRegion = English;
			hasScannedForEncodings = 0;
			knownRegions = (
				en,
				Base,
			);
			mainGroup = 09FC95C720B72609006851F9;
			productRefGroup = 09FC95D120B7260A006851F9 /* Products */;
			projectDirPath = "";
			projectRoot = "";
			targets = (
				09FC95CF20B7260A006851F9 /* Memorable Places */,
			);
		};
/* End PBXProject section */

/* Begin PBXResourcesBuildPhase section */
		09FC95CE20B7260A006851F9 /* Resources */ = {
			isa = PBXResourcesBuildPhase;
			buildActionMask = 2147483647;
			files = (
				09FC95DE20B72617006851F9 /* LaunchScreen.storyboard in Resources */,
				09FC95DB20B72613006851F9 /* Assets.xcassets in Resources */,
				09FC95D920B7260B006851F9 /* Main.storyboard in Resources */,
			);
			runOnlyForDeploymentPostprocessing = 0;
		};
/* End PBXResourcesBuildPhase section */

/* Begin PBXSourcesBuildPhase section */
		09FC95CC20B7260A006851F9 /* Sources */ = {
			isa = PBXSourcesBuildPhase;
			buildActionMask = 2147483647;
			files = (
				09FC95E620B7294D006851F9 /* PlacesViewController.swift in Sources */,
				09FC95D620B7260B006851F9 /* ViewController.swift in Sources */,
				09FC95D420B7260A006851F9 /* AppDelegate.swift in Sources */,
			);
			runOnlyForDeploymentPostprocessing = 0;
		};
/* End PBXSourcesBuildPhase section */

/* Begin PBXVariantGroup section */
		09FC95D720B7260B006851F9 /* Main.storyboard */ = {
			isa = PBXVariantGroup;
			children = (
				09FC95D820B7260B006851F9 /* Base */,
			);
			name = Main.storyboard;
			sourceTree = "<group>";
		};
		09FC95DC20B72617006851F9 /* LaunchScreen.storyboard */ = {
			isa = PBXVariantGroup;
			children = (
				09FC95DD20B72617006851F9 /* Base */,
			);
			name = LaunchScreen.storyboard;
			sourceTree = "<group>";
		};
/* End PBXVariantGroup section */

/* Begin XCBuildConfiguration section */
		09FC95E020B7261B006851F9 /* Debug */ = {
			isa = XCBuildConfiguration;
			buildSettings = {
				ALWAYS_SEARCH_USER_PATHS = NO;
				CLANG_ANALYZER_NONNULL = YES;
				CLANG_CXX_LANGUAGE_STANDARD = "gnu++0x";
				CLANG_CXX_LIBRARY = "libc++";
				CLANG_ENABLE_MODULES = YES;
				CLANG_ENABLE_OBJC_ARC = YES;
				CLANG_WARN_BOOL_CONVERSION = YES;
				CLANG_WARN_CONSTANT_CONVERSION = YES;
				CLANG_WARN_DIRECT_OBJC_ISA_USAGE = YES_ERROR;
				CLANG_WARN_DOCUMENTATION_COMMENTS = YES;
				CLANG_WARN_EMPTY_BODY = YES;
				CLANG_WARN_ENUM_CONVERSION = YES;
				CLANG_WARN_INFINITE_RECURSION = YES;
				CLANG_WARN_INT_CONVERSION = YES;
				CLANG_WARN_OBJC_ROOT_CLASS = YES_ERROR;
				CLANG_WARN_SUSPICIOUS_MOVE = YES;
				CLANG_WARN_UNREACHABLE_CODE = YES;
				CLANG_WARN__DUPLICATE_METHOD_MATCH = YES;
				"CODE_SIGN_IDENTITY[sdk=iphoneos*]" = "iPhone Developer";
				COPY_PHASE_STRIP = NO;
				DEBUG_INFORMATION_FORMAT = dwarf;
				ENABLE_STRICT_OBJC_MSGSEND = YES;
				ENABLE_TESTABILITY = YES;
				GCC_C_LANGUAGE_STANDARD = gnu99;
				GCC_DYNAMIC_NO_PIC = NO;
				GCC_NO_COMMON_BLOCKS = YES;
				GCC_OPTIMIZATION_LEVEL = 0;
				GCC_PREPROCESSOR_DEFINITIONS = (
					"DEBUG=1",
					"$(inherited)",
				);
				GCC_WARN_64_TO_32_BIT_CONVERSION = YES;
				GCC_WARN_ABOUT_RETURN_TYPE = YES_ERROR;
				GCC_WARN_UNDECLARED_SELECTOR = YES;
				GCC_WARN_UNINITIALIZED_AUTOS = YES_AGGRESSIVE;
				GCC_WARN_UNUSED_FUNCTION = YES;
				GCC_WARN_UNUSED_VARIABLE = YES;
				IPHONEOS_DEPLOYMENT_TARGET = 10.2;
				MTL_ENABLE_DEBUG_INFO = YES;
				ONLY_ACTIVE_ARCH = YES;
				SDKROOT = iphoneos;
				SWIFT_ACTIVE_COMPILATION_CONDITIONS = DEBUG;
				SWIFT_OPTIMIZATION_LEVEL = "-Onone";
			};
			name = Debug;
		};
		09FC95E120B7261B006851F9 /* Release */ = {
			isa = XCBuildConfiguration;
			buildSettings = {
				ALWAYS_SEARCH_USER_PATHS = NO;
				CLANG_ANALYZER_NONNULL = YES;
				CLANG_CXX_LANGUAGE_STANDARD = "gnu++0x";
				CLANG_CXX_LIBRARY = "libc++";
				CLANG_ENABLE_MODULES = YES;
				CLANG_ENABLE_OBJC_ARC = YES;
				CLANG_WARN_BOOL_CONVERSION = YES;
				CLANG_WARN_CONSTANT_CONVERSION = YES;
				CLANG_WARN_DIRECT_OBJC_ISA_USAGE = YES_ERROR;
				CLANG_WARN_DOCUMENTATION_COMMENTS = YES;
				CLANG_WARN_EMPTY_BODY = YES;
				CLANG_WARN_ENUM_CONVERSION = YES;
				CLANG_WARN_INFINITE_RECURSION = YES;
				CLANG_WARN_INT_CONVERSION = YES;
				CLANG_WARN_OBJC_ROOT_CLASS = YES_ERROR;
				CLANG_WARN_SUSPICIOUS_MOVE = YES;
				CLANG_WARN_UNREACHABLE_CODE = YES;
				CLANG_WARN__DUPLICATE_METHOD_MATCH = YES;
				"CODE_SIGN_IDENTITY[sdk=iphoneos*]" = "iPhone Developer";
				COPY_PHASE_STRIP = NO;
				DEBUG_INFORMATION_FORMAT = "dwarf-with-dsym";
				ENABLE_NS_ASSERTIONS = NO;
				ENABLE_STRICT_OBJC_MSGSEND = YES;
				GCC_C_LANGUAGE_STANDARD = gnu99;
				GCC_NO_COMMON_BLOCKS = YES;
				GCC_WARN_64_TO_32_BIT_CONVERSION = YES;
				GCC_WARN_ABOUT_RETURN_TYPE = YES_ERROR;
				GCC_WARN_UNDECLARED_SELECTOR = YES;
				GCC_WARN_UNINITIALIZED_AUTOS = YES_AGGRESSIVE;
				GCC_WARN_UNUSED_FUNCTION = YES;
				GCC_WARN_UNUSED_VARIABLE = YES;
				IPHONEOS_DEPLOYMENT_TARGET = 10.2;
				MTL_ENABLE_DEBUG_INFO = NO;
				SDKROOT = iphoneos;
				SWIFT_OPTIMIZATION_LEVEL = "-Owholemodule";
				VALIDATE_PRODUCT = YES;
			};
			name = Release;
		};
		09FC95E320B7261B006851F9 /* Debug */ = {
			isa = XCBuildConfiguration;
			buildSettings = {
				ASSETCATALOG_COMPILER_APPICON_NAME = AppIcon;
				DEVELOPMENT_TEAM = VB2XGJYLDZ;
				INFOPLIST_FILE = "Memorable Places/Info.plist";
				LD_RUNPATH_SEARCH_PATHS = "$(inherited) @executable_path/Frameworks";
				PRODUCT_BUNDLE_IDENTIFIER = "com.saurabh.Memorable-Places";
				PRODUCT_NAME = "$(TARGET_NAME)";
				SWIFT_VERSION = 3.0;
			};
			name = Debug;
		};
		09FC95E420B7261B006851F9 /* Release */ = {
			isa = XCBuildConfiguration;
			buildSettings = {
				ASSETCATALOG_COMPILER_APPICON_NAME = AppIcon;
				DEVELOPMENT_TEAM = VB2XGJYLDZ;
				INFOPLIST_FILE = "Memorable Places/Info.plist";
				LD_RUNPATH_SEARCH_PATHS = "$(inherited) @executable_path/Frameworks";
				PRODUCT_BUNDLE_IDENTIFIER = "com.saurabh.Memorable-Places";
				PRODUCT_NAME = "$(TARGET_NAME)";
				SWIFT_VERSION = 3.0;
			};
			name = Release;
		};
/* End XCBuildConfiguration section */

/* Begin XCConfigurationList section */
		09FC95CB20B7260A006851F9 /* Build configuration list for PBXProject "Memorable Places" */ = {
			isa = XCConfigurationList;
			buildConfigurations = (
				09FC95E020B7261B006851F9 /* Debug */,
				09FC95E120B7261B006851F9 /* Release */,
			);
			defaultConfigurationIsVisible = 0;
			defaultConfigurationName = Release;
		};
		09FC95E220B7261B006851F9 /* Build configuration list for PBXNativeTarget "Memorable Places" */ = {
			isa = XCConfigurationList;
			buildConfigurations = (
				09FC95E320B7261B006851F9 /* Debug */,
				09FC95E420B7261B006851F9 /* Release */,
			);
			defaultConfigurationIsVisible = 0;
		};
/* End XCConfigurationList section */
	};
	rootObject = 09FC95C820B7260A006851F9 /* Project object */;
}
